// !$*UTF8*$!
{
	archiveVersion = 1;
	classes = {
	};
	objectVersion = 56;
	objects = {

/* Begin PBXBuildFile section */
		D24D11062D4EA78C00628D38 /* ImageStorageTests.swift in Sources */ = {isa = PBXBuildFile; fileRef = D24D11052D4EA78C00628D38 /* ImageStorageTests.swift */; };
		D29EED8D2D47199E008AD3ED /* RecipesApp.swift in Sources */ = {isa = PBXBuildFile; fileRef = D29EED8C2D47199E008AD3ED /* RecipesApp.swift */; };
		D29EED8F2D47199E008AD3ED /* RecipesView.swift in Sources */ = {isa = PBXBuildFile; fileRef = D29EED8E2D47199E008AD3ED /* RecipesView.swift */; };
		D29EED912D4719A0008AD3ED /* Assets.xcassets in Resources */ = {isa = PBXBuildFile; fileRef = D29EED902D4719A0008AD3ED /* Assets.xcassets */; };
		D29EED942D4719A0008AD3ED /* Preview Assets.xcassets in Resources */ = {isa = PBXBuildFile; fileRef = D29EED932D4719A0008AD3ED /* Preview Assets.xcassets */; };
		D29EED962D4719A0008AD3ED /* ImageStorage.swift in Sources */ = {isa = PBXBuildFile; fileRef = D29EED952D4719A0008AD3ED /* ImageStorage.swift */; };
		D29EED992D4719A0008AD3ED /* Recipes.xcdatamodeld in Sources */ = {isa = PBXBuildFile; fileRef = D29EED972D4719A0008AD3ED /* Recipes.xcdatamodeld */; };
		D29EEDA32D4719A1008AD3ED /* RecipesViewModelTests.swift in Sources */ = {isa = PBXBuildFile; fileRef = D29EEDA22D4719A1008AD3ED /* RecipesViewModelTests.swift */; };
		D29EEDBC2D47244F008AD3ED /* RecipeModel.swift in Sources */ = {isa = PBXBuildFile; fileRef = D29EEDBB2D47244F008AD3ED /* RecipeModel.swift */; };
		D29EEDBE2D4725C4008AD3ED /* RecipesViewModel.swift in Sources */ = {isa = PBXBuildFile; fileRef = D29EEDBD2D4725C4008AD3ED /* RecipesViewModel.swift */; };
		D29EEDC02D472CDB008AD3ED /* RecipesService.swift in Sources */ = {isa = PBXBuildFile; fileRef = D29EEDBF2D472CDB008AD3ED /* RecipesService.swift */; };
		D29EEDC22D47407E008AD3ED /* FeatureFlagsProvider.swift in Sources */ = {isa = PBXBuildFile; fileRef = D29EEDC12D47407E008AD3ED /* FeatureFlagsProvider.swift */; };
		D29EEDC82D47EC75008AD3ED /* RecipesServiceError.swift in Sources */ = {isa = PBXBuildFile; fileRef = D29EEDC72D47EC75008AD3ED /* RecipesServiceError.swift */; };
		D29EEDCA2D488EF3008AD3ED /* ImageProvider.swift in Sources */ = {isa = PBXBuildFile; fileRef = D29EEDC92D488EF3008AD3ED /* ImageProvider.swift */; };
		D29EEDCD2D48A3B3008AD3ED /* ImageCache.swift in Sources */ = {isa = PBXBuildFile; fileRef = D29EEDCC2D48A3B3008AD3ED /* ImageCache.swift */; };
		D29EEDCF2D4CA0FD008AD3ED /* DataFetcherProtocol.swift in Sources */ = {isa = PBXBuildFile; fileRef = D29EEDCE2D4CA0FD008AD3ED /* DataFetcherProtocol.swift */; };
		D29EEDD12D4E78AF008AD3ED /* ImageStorageFactory.swift in Sources */ = {isa = PBXBuildFile; fileRef = D29EEDD02D4E78AF008AD3ED /* ImageStorageFactory.swift */; };
		D29EEDD32D4E7A96008AD3ED /* Recipe.swift in Sources */ = {isa = PBXBuildFile; fileRef = D29EEDD22D4E7A96008AD3ED /* Recipe.swift */; };
		D29EEDD52D4E7AD7008AD3ED /* RecipesViewModelFactory.swift in Sources */ = {isa = PBXBuildFile; fileRef = D29EEDD42D4E7AD7008AD3ED /* RecipesViewModelFactory.swift */; };
		D29EEDD92D4E7C47008AD3ED /* RecipesServiceDouble.swift in Sources */ = {isa = PBXBuildFile; fileRef = D29EEDD82D4E7C47008AD3ED /* RecipesServiceDouble.swift */; };
		D29EEDDB2D4E7E39008AD3ED /* ImageProviderDouble.swift in Sources */ = {isa = PBXBuildFile; fileRef = D29EEDDA2D4E7E39008AD3ED /* ImageProviderDouble.swift */; };
		D29EEDDD2D4E87DF008AD3ED /* RecipesServiceTests.swift in Sources */ = {isa = PBXBuildFile; fileRef = D29EEDDC2D4E87DF008AD3ED /* RecipesServiceTests.swift */; };
		D29EEDDF2D4E8825008AD3ED /* FeatureFlagsProviderDouble.swift in Sources */ = {isa = PBXBuildFile; fileRef = D29EEDDE2D4E8825008AD3ED /* FeatureFlagsProviderDouble.swift */; };
		D29EEDE12D4E8922008AD3ED /* DataFetcherDouble.swift in Sources */ = {isa = PBXBuildFile; fileRef = D29EEDE02D4E8922008AD3ED /* DataFetcherDouble.swift */; };
		D29EEDE32D4E90EE008AD3ED /* ImageProviderTests.swift in Sources */ = {isa = PBXBuildFile; fileRef = D29EEDE22D4E90EE008AD3ED /* ImageProviderTests.swift */; };
		D29EEDE52D4E910A008AD3ED /* ImageCacheDouble.swift in Sources */ = {isa = PBXBuildFile; fileRef = D29EEDE42D4E910A008AD3ED /* ImageCacheDouble.swift */; };
		D29EEDE72D4E9B3E008AD3ED /* ImageCacheTests.swift in Sources */ = {isa = PBXBuildFile; fileRef = D29EEDE62D4E9B3E008AD3ED /* ImageCacheTests.swift */; };
		D29EEDE92D4E9B97008AD3ED /* ImageStorageDouble.swift in Sources */ = {isa = PBXBuildFile; fileRef = D29EEDE82D4E9B97008AD3ED /* ImageStorageDouble.swift */; };
/* End PBXBuildFile section */

/* Begin PBXContainerItemProxy section */
		D29EED9F2D4719A1008AD3ED /* PBXContainerItemProxy */ = {
			isa = PBXContainerItemProxy;
			containerPortal = D29EED812D47199E008AD3ED /* Project object */;
			proxyType = 1;
			remoteGlobalIDString = D29EED882D47199E008AD3ED;
			remoteInfo = Recipes;
		};
/* End PBXContainerItemProxy section */

/* Begin PBXFileReference section */
		D24D11052D4EA78C00628D38 /* ImageStorageTests.swift */ = {isa = PBXFileReference; lastKnownFileType = sourcecode.swift; path = ImageStorageTests.swift; sourceTree = "<group>"; };
		D29EED892D47199E008AD3ED /* Recipes.app */ = {isa = PBXFileReference; explicitFileType = wrapper.application; includeInIndex = 0; path = Recipes.app; sourceTree = BUILT_PRODUCTS_DIR; };
		D29EED8C2D47199E008AD3ED /* RecipesApp.swift */ = {isa = PBXFileReference; lastKnownFileType = sourcecode.swift; path = RecipesApp.swift; sourceTree = "<group>"; };
		D29EED8E2D47199E008AD3ED /* RecipesView.swift */ = {isa = PBXFileReference; lastKnownFileType = sourcecode.swift; path = RecipesView.swift; sourceTree = "<group>"; };
		D29EED902D4719A0008AD3ED /* Assets.xcassets */ = {isa = PBXFileReference; lastKnownFileType = folder.assetcatalog; path = Assets.xcassets; sourceTree = "<group>"; };
		D29EED932D4719A0008AD3ED /* Preview Assets.xcassets */ = {isa = PBXFileReference; lastKnownFileType = folder.assetcatalog; path = "Preview Assets.xcassets"; sourceTree = "<group>"; };
		D29EED952D4719A0008AD3ED /* ImageStorage.swift */ = {isa = PBXFileReference; lastKnownFileType = sourcecode.swift; path = ImageStorage.swift; sourceTree = "<group>"; };
		D29EED982D4719A0008AD3ED /* Recipes.xcdatamodel */ = {isa = PBXFileReference; lastKnownFileType = wrapper.xcdatamodel; path = Recipes.xcdatamodel; sourceTree = "<group>"; };
		D29EED9E2D4719A1008AD3ED /* RecipesTests.xctest */ = {isa = PBXFileReference; explicitFileType = wrapper.cfbundle; includeInIndex = 0; path = RecipesTests.xctest; sourceTree = BUILT_PRODUCTS_DIR; };
		D29EEDA22D4719A1008AD3ED /* RecipesViewModelTests.swift */ = {isa = PBXFileReference; lastKnownFileType = sourcecode.swift; path = RecipesViewModelTests.swift; sourceTree = "<group>"; };
		D29EEDBB2D47244F008AD3ED /* RecipeModel.swift */ = {isa = PBXFileReference; lastKnownFileType = sourcecode.swift; path = RecipeModel.swift; sourceTree = "<group>"; };
		D29EEDBD2D4725C4008AD3ED /* RecipesViewModel.swift */ = {isa = PBXFileReference; lastKnownFileType = sourcecode.swift; path = RecipesViewModel.swift; sourceTree = "<group>"; };
		D29EEDBF2D472CDB008AD3ED /* RecipesService.swift */ = {isa = PBXFileReference; lastKnownFileType = sourcecode.swift; path = RecipesService.swift; sourceTree = "<group>"; };
		D29EEDC12D47407E008AD3ED /* FeatureFlagsProvider.swift */ = {isa = PBXFileReference; lastKnownFileType = sourcecode.swift; path = FeatureFlagsProvider.swift; sourceTree = "<group>"; };
		D29EEDC72D47EC75008AD3ED /* RecipesServiceError.swift */ = {isa = PBXFileReference; lastKnownFileType = sourcecode.swift; path = RecipesServiceError.swift; sourceTree = "<group>"; };
		D29EEDC92D488EF3008AD3ED /* ImageProvider.swift */ = {isa = PBXFileReference; lastKnownFileType = sourcecode.swift; path = ImageProvider.swift; sourceTree = "<group>"; };
		D29EEDCC2D48A3B3008AD3ED /* ImageCache.swift */ = {isa = PBXFileReference; lastKnownFileType = sourcecode.swift; path = ImageCache.swift; sourceTree = "<group>"; };
		D29EEDCE2D4CA0FD008AD3ED /* DataFetcherProtocol.swift */ = {isa = PBXFileReference; lastKnownFileType = sourcecode.swift; path = DataFetcherProtocol.swift; sourceTree = "<group>"; };
		D29EEDD02D4E78AF008AD3ED /* ImageStorageFactory.swift */ = {isa = PBXFileReference; lastKnownFileType = sourcecode.swift; path = ImageStorageFactory.swift; sourceTree = "<group>"; };
		D29EEDD22D4E7A96008AD3ED /* Recipe.swift */ = {isa = PBXFileReference; lastKnownFileType = sourcecode.swift; path = Recipe.swift; sourceTree = "<group>"; };
		D29EEDD42D4E7AD7008AD3ED /* RecipesViewModelFactory.swift */ = {isa = PBXFileReference; lastKnownFileType = sourcecode.swift; path = RecipesViewModelFactory.swift; sourceTree = "<group>"; };
		D29EEDD82D4E7C47008AD3ED /* RecipesServiceDouble.swift */ = {isa = PBXFileReference; lastKnownFileType = sourcecode.swift; path = RecipesServiceDouble.swift; sourceTree = "<group>"; };
		D29EEDDA2D4E7E39008AD3ED /* ImageProviderDouble.swift */ = {isa = PBXFileReference; lastKnownFileType = sourcecode.swift; path = ImageProviderDouble.swift; sourceTree = "<group>"; };
		D29EEDDC2D4E87DF008AD3ED /* RecipesServiceTests.swift */ = {isa = PBXFileReference; lastKnownFileType = sourcecode.swift; path = RecipesServiceTests.swift; sourceTree = "<group>"; };
		D29EEDDE2D4E8825008AD3ED /* FeatureFlagsProviderDouble.swift */ = {isa = PBXFileReference; lastKnownFileType = sourcecode.swift; path = FeatureFlagsProviderDouble.swift; sourceTree = "<group>"; };
		D29EEDE02D4E8922008AD3ED /* DataFetcherDouble.swift */ = {isa = PBXFileReference; lastKnownFileType = sourcecode.swift; path = DataFetcherDouble.swift; sourceTree = "<group>"; };
		D29EEDE22D4E90EE008AD3ED /* ImageProviderTests.swift */ = {isa = PBXFileReference; lastKnownFileType = sourcecode.swift; path = ImageProviderTests.swift; sourceTree = "<group>"; };
		D29EEDE42D4E910A008AD3ED /* ImageCacheDouble.swift */ = {isa = PBXFileReference; lastKnownFileType = sourcecode.swift; path = ImageCacheDouble.swift; sourceTree = "<group>"; };
		D29EEDE62D4E9B3E008AD3ED /* ImageCacheTests.swift */ = {isa = PBXFileReference; lastKnownFileType = sourcecode.swift; path = ImageCacheTests.swift; sourceTree = "<group>"; };
		D29EEDE82D4E9B97008AD3ED /* ImageStorageDouble.swift */ = {isa = PBXFileReference; lastKnownFileType = sourcecode.swift; path = ImageStorageDouble.swift; sourceTree = "<group>"; };
/* End PBXFileReference section */

/* Begin PBXFrameworksBuildPhase section */
		D29EED862D47199E008AD3ED /* Frameworks */ = {
			isa = PBXFrameworksBuildPhase;
			buildActionMask = 2147483647;
			files = (
			);
			runOnlyForDeploymentPostprocessing = 0;
		};
		D29EED9B2D4719A1008AD3ED /* Frameworks */ = {
			isa = PBXFrameworksBuildPhase;
			buildActionMask = 2147483647;
			files = (
			);
			runOnlyForDeploymentPostprocessing = 0;
		};
/* End PBXFrameworksBuildPhase section */

/* Begin PBXGroup section */
		D29EED802D47199E008AD3ED = {
			isa = PBXGroup;
			children = (
				D29EED8B2D47199E008AD3ED /* Recipes */,
				D29EEDA12D4719A1008AD3ED /* RecipesTests */,
				D29EED8A2D47199E008AD3ED /* Products */,
			);
			sourceTree = "<group>";
		};
		D29EED8A2D47199E008AD3ED /* Products */ = {
			isa = PBXGroup;
			children = (
				D29EED892D47199E008AD3ED /* Recipes.app */,
				D29EED9E2D4719A1008AD3ED /* RecipesTests.xctest */,
			);
			name = Products;
			sourceTree = "<group>";
		};
		D29EED8B2D47199E008AD3ED /* Recipes */ = {
			isa = PBXGroup;
			children = (
				D29EEDCB2D48A3A3008AD3ED /* Cache */,
				D29EEDC62D47EC35008AD3ED /* Providers */,
				D29EEDC52D47EC17008AD3ED /* Services */,
				D29EEDC32D47EBE1008AD3ED /* MVVM */,
				D29EED8C2D47199E008AD3ED /* RecipesApp.swift */,
				D29EED902D4719A0008AD3ED /* Assets.xcassets */,
				D29EED972D4719A0008AD3ED /* Recipes.xcdatamodeld */,
				D29EED922D4719A0008AD3ED /* Preview Content */,
				D29EEDCE2D4CA0FD008AD3ED /* DataFetcherProtocol.swift */,
			);
			path = Recipes;
			sourceTree = "<group>";
		};
		D29EED922D4719A0008AD3ED /* Preview Content */ = {
			isa = PBXGroup;
			children = (
				D29EED932D4719A0008AD3ED /* Preview Assets.xcassets */,
			);
			path = "Preview Content";
			sourceTree = "<group>";
		};
		D29EEDA12D4719A1008AD3ED /* RecipesTests */ = {
			isa = PBXGroup;
			children = (
				D29EEDD72D4E7C14008AD3ED /* Tests */,
				D29EEDD62D4E7C09008AD3ED /* Doubles */,
			);
			path = RecipesTests;
			sourceTree = "<group>";
		};
		D29EEDC32D47EBE1008AD3ED /* MVVM */ = {
			isa = PBXGroup;
			children = (
				D29EEDC42D47EBFA008AD3ED /* Model */,
				D29EED8E2D47199E008AD3ED /* RecipesView.swift */,
				D29EEDBD2D4725C4008AD3ED /* RecipesViewModel.swift */,
				D29EEDD42D4E7AD7008AD3ED /* RecipesViewModelFactory.swift */,
			);
			path = MVVM;
			sourceTree = "<group>";
		};
		D29EEDC42D47EBFA008AD3ED /* Model */ = {
			isa = PBXGroup;
			children = (
				D29EEDBB2D47244F008AD3ED /* RecipeModel.swift */,
				D29EEDD22D4E7A96008AD3ED /* Recipe.swift */,
			);
			path = Model;
			sourceTree = "<group>";
		};
		D29EEDC52D47EC17008AD3ED /* Services */ = {
			isa = PBXGroup;
			children = (
				D29EEDBF2D472CDB008AD3ED /* RecipesService.swift */,
				D29EEDC72D47EC75008AD3ED /* RecipesServiceError.swift */,
			);
			path = Services;
			sourceTree = "<group>";
		};
		D29EEDC62D47EC35008AD3ED /* Providers */ = {
			isa = PBXGroup;
			children = (
				D29EEDC12D47407E008AD3ED /* FeatureFlagsProvider.swift */,
				D29EEDC92D488EF3008AD3ED /* ImageProvider.swift */,
			);
			path = Providers;
			sourceTree = "<group>";
		};
		D29EEDCB2D48A3A3008AD3ED /* Cache */ = {
			isa = PBXGroup;
			children = (
				D29EED952D4719A0008AD3ED /* ImageStorage.swift */,
				D29EEDCC2D48A3B3008AD3ED /* ImageCache.swift */,
				D29EEDD02D4E78AF008AD3ED /* ImageStorageFactory.swift */,
			);
			path = Cache;
			sourceTree = "<group>";
		};
		D29EEDD62D4E7C09008AD3ED /* Doubles */ = {
			isa = PBXGroup;
			children = (
				D29EEDD82D4E7C47008AD3ED /* RecipesServiceDouble.swift */,
				D29EEDDA2D4E7E39008AD3ED /* ImageProviderDouble.swift */,
				D29EEDDE2D4E8825008AD3ED /* FeatureFlagsProviderDouble.swift */,
				D29EEDE02D4E8922008AD3ED /* DataFetcherDouble.swift */,
				D29EEDE42D4E910A008AD3ED /* ImageCacheDouble.swift */,
				D29EEDE82D4E9B97008AD3ED /* ImageStorageDouble.swift */,
			);
			path = Doubles;
			sourceTree = "<group>";
		};
		D29EEDD72D4E7C14008AD3ED /* Tests */ = {
			isa = PBXGroup;
			children = (
				D29EEDA22D4719A1008AD3ED /* RecipesViewModelTests.swift */,
				D29EEDDC2D4E87DF008AD3ED /* RecipesServiceTests.swift */,
				D29EEDE22D4E90EE008AD3ED /* ImageProviderTests.swift */,
				D29EEDE62D4E9B3E008AD3ED /* ImageCacheTests.swift */,
				D24D11052D4EA78C00628D38 /* ImageStorageTests.swift */,
			);
			path = Tests;
			sourceTree = "<group>";
		};
/* End PBXGroup section */

/* Begin PBXNativeTarget section */
		D29EED882D47199E008AD3ED /* Recipes */ = {
			isa = PBXNativeTarget;
			buildConfigurationList = D29EEDB22D4719A1008AD3ED /* Build configuration list for PBXNativeTarget "Recipes" */;
			buildPhases = (
				D29EED852D47199E008AD3ED /* Sources */,
				D29EED862D47199E008AD3ED /* Frameworks */,
				D29EED872D47199E008AD3ED /* Resources */,
			);
			buildRules = (
			);
			dependencies = (
			);
			name = Recipes;
			productName = Recipes;
			productReference = D29EED892D47199E008AD3ED /* Recipes.app */;
			productType = "com.apple.product-type.application";
		};
		D29EED9D2D4719A1008AD3ED /* RecipesTests */ = {
			isa = PBXNativeTarget;
			buildConfigurationList = D29EEDB52D4719A1008AD3ED /* Build configuration list for PBXNativeTarget "RecipesTests" */;
			buildPhases = (
				D29EED9A2D4719A1008AD3ED /* Sources */,
				D29EED9B2D4719A1008AD3ED /* Frameworks */,
				D29EED9C2D4719A1008AD3ED /* Resources */,
			);
			buildRules = (
			);
			dependencies = (
				D29EEDA02D4719A1008AD3ED /* PBXTargetDependency */,
			);
			name = RecipesTests;
			productName = RecipesTests;
			productReference = D29EED9E2D4719A1008AD3ED /* RecipesTests.xctest */;
			productType = "com.apple.product-type.bundle.unit-test";
		};
/* End PBXNativeTarget section */

/* Begin PBXProject section */
		D29EED812D47199E008AD3ED /* Project object */ = {
			isa = PBXProject;
			attributes = {
				BuildIndependentTargetsInParallel = 1;
				LastSwiftUpdateCheck = 1430;
				LastUpgradeCheck = 1430;
				TargetAttributes = {
					D29EED882D47199E008AD3ED = {
						CreatedOnToolsVersion = 14.3.1;
					};
					D29EED9D2D4719A1008AD3ED = {
						CreatedOnToolsVersion = 14.3.1;
						TestTargetID = D29EED882D47199E008AD3ED;
					};
				};
			};
			buildConfigurationList = D29EED842D47199E008AD3ED /* Build configuration list for PBXProject "Recipes" */;
			compatibilityVersion = "Xcode 14.0";
			developmentRegion = en;
			hasScannedForEncodings = 0;
			knownRegions = (
				en,
				Base,
			);
			mainGroup = D29EED802D47199E008AD3ED;
			productRefGroup = D29EED8A2D47199E008AD3ED /* Products */;
			projectDirPath = "";
			projectRoot = "";
			targets = (
				D29EED882D47199E008AD3ED /* Recipes */,
				D29EED9D2D4719A1008AD3ED /* RecipesTests */,
			);
		};
/* End PBXProject section */

/* Begin PBXResourcesBuildPhase section */
		D29EED872D47199E008AD3ED /* Resources */ = {
			isa = PBXResourcesBuildPhase;
			buildActionMask = 2147483647;
			files = (
				D29EED942D4719A0008AD3ED /* Preview Assets.xcassets in Resources */,
				D29EED912D4719A0008AD3ED /* Assets.xcassets in Resources */,
			);
			runOnlyForDeploymentPostprocessing = 0;
		};
		D29EED9C2D4719A1008AD3ED /* Resources */ = {
			isa = PBXResourcesBuildPhase;
			buildActionMask = 2147483647;
			files = (
			);
			runOnlyForDeploymentPostprocessing = 0;
		};
/* End PBXResourcesBuildPhase section */

/* Begin PBXSourcesBuildPhase section */
		D29EED852D47199E008AD3ED /* Sources */ = {
			isa = PBXSourcesBuildPhase;
			buildActionMask = 2147483647;
			files = (
				D29EEDCD2D48A3B3008AD3ED /* ImageCache.swift in Sources */,
				D29EEDCF2D4CA0FD008AD3ED /* DataFetcherProtocol.swift in Sources */,
				D29EEDCA2D488EF3008AD3ED /* ImageProvider.swift in Sources */,
				D29EED962D4719A0008AD3ED /* ImageStorage.swift in Sources */,
				D29EEDD12D4E78AF008AD3ED /* ImageStorageFactory.swift in Sources */,
				D29EEDC22D47407E008AD3ED /* FeatureFlagsProvider.swift in Sources */,
				D29EED8F2D47199E008AD3ED /* RecipesView.swift in Sources */,
				D29EED8D2D47199E008AD3ED /* RecipesApp.swift in Sources */,
				D29EED992D4719A0008AD3ED /* Recipes.xcdatamodeld in Sources */,
				D29EEDD32D4E7A96008AD3ED /* Recipe.swift in Sources */,
				D29EEDBC2D47244F008AD3ED /* RecipeModel.swift in Sources */,
				D29EEDBE2D4725C4008AD3ED /* RecipesViewModel.swift in Sources */,
				D29EEDD52D4E7AD7008AD3ED /* RecipesViewModelFactory.swift in Sources */,
				D29EEDC82D47EC75008AD3ED /* RecipesServiceError.swift in Sources */,
				D29EEDC02D472CDB008AD3ED /* RecipesService.swift in Sources */,
			);
			runOnlyForDeploymentPostprocessing = 0;
		};
		D29EED9A2D4719A1008AD3ED /* Sources */ = {
			isa = PBXSourcesBuildPhase;
			buildActionMask = 2147483647;
			files = (
				D29EEDE12D4E8922008AD3ED /* DataFetcherDouble.swift in Sources */,
				D29EEDD92D4E7C47008AD3ED /* RecipesServiceDouble.swift in Sources */,
				D29EEDDF2D4E8825008AD3ED /* FeatureFlagsProviderDouble.swift in Sources */,
				D29EEDE92D4E9B97008AD3ED /* ImageStorageDouble.swift in Sources */,
				D29EEDE52D4E910A008AD3ED /* ImageCacheDouble.swift in Sources */,
				D29EEDE32D4E90EE008AD3ED /* ImageProviderTests.swift in Sources */,
				D29EEDA32D4719A1008AD3ED /* RecipesViewModelTests.swift in Sources */,
				D29EEDDB2D4E7E39008AD3ED /* ImageProviderDouble.swift in Sources */,
				D24D11062D4EA78C00628D38 /* ImageStorageTests.swift in Sources */,
				D29EEDE72D4E9B3E008AD3ED /* ImageCacheTests.swift in Sources */,
				D29EEDDD2D4E87DF008AD3ED /* RecipesServiceTests.swift in Sources */,
			);
			runOnlyForDeploymentPostprocessing = 0;
		};
/* End PBXSourcesBuildPhase section */

/* Begin PBXTargetDependency section */
		D29EEDA02D4719A1008AD3ED /* PBXTargetDependency */ = {
			isa = PBXTargetDependency;
			target = D29EED882D47199E008AD3ED /* Recipes */;
			targetProxy = D29EED9F2D4719A1008AD3ED /* PBXContainerItemProxy */;
		};
/* End PBXTargetDependency section */

/* Begin XCBuildConfiguration section */
		D29EEDB02D4719A1008AD3ED /* Debug */ = {
			isa = XCBuildConfiguration;
			buildSettings = {
				ALWAYS_SEARCH_USER_PATHS = NO;
				CLANG_ANALYZER_NONNULL = YES;
				CLANG_ANALYZER_NUMBER_OBJECT_CONVERSION = YES_AGGRESSIVE;
				CLANG_CXX_LANGUAGE_STANDARD = "gnu++20";
				CLANG_ENABLE_MODULES = YES;
				CLANG_ENABLE_OBJC_ARC = YES;
				CLANG_ENABLE_OBJC_WEAK = YES;
				CLANG_WARN_BLOCK_CAPTURE_AUTORELEASING = YES;
				CLANG_WARN_BOOL_CONVERSION = YES;
				CLANG_WARN_COMMA = YES;
				CLANG_WARN_CONSTANT_CONVERSION = YES;
				CLANG_WARN_DEPRECATED_OBJC_IMPLEMENTATIONS = YES;
				CLANG_WARN_DIRECT_OBJC_ISA_USAGE = YES_ERROR;
				CLANG_WARN_DOCUMENTATION_COMMENTS = YES;
				CLANG_WARN_EMPTY_BODY = YES;
				CLANG_WARN_ENUM_CONVERSION = YES;
				CLANG_WARN_INFINITE_RECURSION = YES;
				CLANG_WARN_INT_CONVERSION = YES;
				CLANG_WARN_NON_LITERAL_NULL_CONVERSION = YES;
				CLANG_WARN_OBJC_IMPLICIT_RETAIN_SELF = YES;
				CLANG_WARN_OBJC_LITERAL_CONVERSION = YES;
				CLANG_WARN_OBJC_ROOT_CLASS = YES_ERROR;
				CLANG_WARN_QUOTED_INCLUDE_IN_FRAMEWORK_HEADER = YES;
				CLANG_WARN_RANGE_LOOP_ANALYSIS = YES;
				CLANG_WARN_STRICT_PROTOTYPES = YES;
				CLANG_WARN_SUSPICIOUS_MOVE = YES;
				CLANG_WARN_UNGUARDED_AVAILABILITY = YES_AGGRESSIVE;
				CLANG_WARN_UNREACHABLE_CODE = YES;
				CLANG_WARN__DUPLICATE_METHOD_MATCH = YES;
				COPY_PHASE_STRIP = NO;
				DEBUG_INFORMATION_FORMAT = dwarf;
				ENABLE_STRICT_OBJC_MSGSEND = YES;
				ENABLE_TESTABILITY = YES;
				GCC_C_LANGUAGE_STANDARD = gnu11;
				GCC_DYNAMIC_NO_PIC = NO;
				GCC_NO_COMMON_BLOCKS = YES;
				GCC_OPTIMIZATION_LEVEL = 0;
				GCC_PREPROCESSOR_DEFINITIONS = (
					"DEBUG=1",
					"$(inherited)",
				);
				GCC_WARN_64_TO_32_BIT_CONVERSION = YES;
				GCC_WARN_ABOUT_RETURN_TYPE = YES_ERROR;
				GCC_WARN_UNDECLARED_SELECTOR = YES;
				GCC_WARN_UNINITIALIZED_AUTOS = YES_AGGRESSIVE;
				GCC_WARN_UNUSED_FUNCTION = YES;
				GCC_WARN_UNUSED_VARIABLE = YES;
				IPHONEOS_DEPLOYMENT_TARGET = 16.4;
				MTL_ENABLE_DEBUG_INFO = INCLUDE_SOURCE;
				MTL_FAST_MATH = YES;
				ONLY_ACTIVE_ARCH = YES;
				SDKROOT = iphoneos;
				SWIFT_ACTIVE_COMPILATION_CONDITIONS = DEBUG;
				SWIFT_OPTIMIZATION_LEVEL = "-Onone";
			};
			name = Debug;
		};
		D29EEDB12D4719A1008AD3ED /* Release */ = {
			isa = XCBuildConfiguration;
			buildSettings = {
				ALWAYS_SEARCH_USER_PATHS = NO;
				CLANG_ANALYZER_NONNULL = YES;
				CLANG_ANALYZER_NUMBER_OBJECT_CONVERSION = YES_AGGRESSIVE;
				CLANG_CXX_LANGUAGE_STANDARD = "gnu++20";
				CLANG_ENABLE_MODULES = YES;
				CLANG_ENABLE_OBJC_ARC = YES;
				CLANG_ENABLE_OBJC_WEAK = YES;
				CLANG_WARN_BLOCK_CAPTURE_AUTORELEASING = YES;
				CLANG_WARN_BOOL_CONVERSION = YES;
				CLANG_WARN_COMMA = YES;
				CLANG_WARN_CONSTANT_CONVERSION = YES;
				CLANG_WARN_DEPRECATED_OBJC_IMPLEMENTATIONS = YES;
				CLANG_WARN_DIRECT_OBJC_ISA_USAGE = YES_ERROR;
				CLANG_WARN_DOCUMENTATION_COMMENTS = YES;
				CLANG_WARN_EMPTY_BODY = YES;
				CLANG_WARN_ENUM_CONVERSION = YES;
				CLANG_WARN_INFINITE_RECURSION = YES;
				CLANG_WARN_INT_CONVERSION = YES;
				CLANG_WARN_NON_LITERAL_NULL_CONVERSION = YES;
				CLANG_WARN_OBJC_IMPLICIT_RETAIN_SELF = YES;
				CLANG_WARN_OBJC_LITERAL_CONVERSION = YES;
				CLANG_WARN_OBJC_ROOT_CLASS = YES_ERROR;
				CLANG_WARN_QUOTED_INCLUDE_IN_FRAMEWORK_HEADER = YES;
				CLANG_WARN_RANGE_LOOP_ANALYSIS = YES;
				CLANG_WARN_STRICT_PROTOTYPES = YES;
				CLANG_WARN_SUSPICIOUS_MOVE = YES;
				CLANG_WARN_UNGUARDED_AVAILABILITY = YES_AGGRESSIVE;
				CLANG_WARN_UNREACHABLE_CODE = YES;
				CLANG_WARN__DUPLICATE_METHOD_MATCH = YES;
				COPY_PHASE_STRIP = NO;
				DEBUG_INFORMATION_FORMAT = "dwarf-with-dsym";
				ENABLE_NS_ASSERTIONS = NO;
				ENABLE_STRICT_OBJC_MSGSEND = YES;
				GCC_C_LANGUAGE_STANDARD = gnu11;
				GCC_NO_COMMON_BLOCKS = YES;
				GCC_WARN_64_TO_32_BIT_CONVERSION = YES;
				GCC_WARN_ABOUT_RETURN_TYPE = YES_ERROR;
				GCC_WARN_UNDECLARED_SELECTOR = YES;
				GCC_WARN_UNINITIALIZED_AUTOS = YES_AGGRESSIVE;
				GCC_WARN_UNUSED_FUNCTION = YES;
				GCC_WARN_UNUSED_VARIABLE = YES;
				IPHONEOS_DEPLOYMENT_TARGET = 16.4;
				MTL_ENABLE_DEBUG_INFO = NO;
				MTL_FAST_MATH = YES;
				SDKROOT = iphoneos;
				SWIFT_COMPILATION_MODE = wholemodule;
				SWIFT_OPTIMIZATION_LEVEL = "-O";
				VALIDATE_PRODUCT = YES;
			};
			name = Release;
		};
		D29EEDB32D4719A1008AD3ED /* Debug */ = {
			isa = XCBuildConfiguration;
			buildSettings = {
				ASSETCATALOG_COMPILER_APPICON_NAME = AppIcon;
				ASSETCATALOG_COMPILER_GLOBAL_ACCENT_COLOR_NAME = AccentColor;
				CODE_SIGN_STYLE = Automatic;
				CURRENT_PROJECT_VERSION = 1;
				DEVELOPMENT_ASSET_PATHS = "\"Recipes/Preview Content\"";
				ENABLE_PREVIEWS = YES;
				GENERATE_INFOPLIST_FILE = YES;
				INFOPLIST_KEY_UIApplicationSceneManifest_Generation = YES;
				INFOPLIST_KEY_UIApplicationSupportsIndirectInputEvents = YES;
				INFOPLIST_KEY_UILaunchScreen_Generation = YES;
				INFOPLIST_KEY_UISupportedInterfaceOrientations_iPad = "UIInterfaceOrientationPortrait UIInterfaceOrientationPortraitUpsideDown UIInterfaceOrientationLandscapeLeft UIInterfaceOrientationLandscapeRight";
				INFOPLIST_KEY_UISupportedInterfaceOrientations_iPhone = "UIInterfaceOrientationPortrait UIInterfaceOrientationLandscapeLeft UIInterfaceOrientationLandscapeRight";
				IPHONEOS_DEPLOYMENT_TARGET = 16.0;
				LD_RUNPATH_SEARCH_PATHS = (
					"$(inherited)",
					"@executable_path/Frameworks",
				);
				MARKETING_VERSION = 1.0;
				PRODUCT_BUNDLE_IDENTIFIER = com.joaquingomez.Recipes;
				PRODUCT_NAME = "$(TARGET_NAME)";
				SWIFT_EMIT_LOC_STRINGS = YES;
				SWIFT_VERSION = 5.0;
				TARGETED_DEVICE_FAMILY = "1,2";
			};
			name = Debug;
		};
		D29EEDB42D4719A1008AD3ED /* Release */ = {
			isa = XCBuildConfiguration;
			buildSettings = {
				ASSETCATALOG_COMPILER_APPICON_NAME = AppIcon;
				ASSETCATALOG_COMPILER_GLOBAL_ACCENT_COLOR_NAME = AccentColor;
				CODE_SIGN_STYLE = Automatic;
				CURRENT_PROJECT_VERSION = 1;
				DEVELOPMENT_ASSET_PATHS = "\"Recipes/Preview Content\"";
				ENABLE_PREVIEWS = YES;
				GENERATE_INFOPLIST_FILE = YES;
				INFOPLIST_KEY_UIApplicationSceneManifest_Generation = YES;
				INFOPLIST_KEY_UIApplicationSupportsIndirectInputEvents = YES;
				INFOPLIST_KEY_UILaunchScreen_Generation = YES;
				INFOPLIST_KEY_UISupportedInterfaceOrientations_iPad = "UIInterfaceOrientationPortrait UIInterfaceOrientationPortraitUpsideDown UIInterfaceOrientationLandscapeLeft UIInterfaceOrientationLandscapeRight";
				INFOPLIST_KEY_UISupportedInterfaceOrientations_iPhone = "UIInterfaceOrientationPortrait UIInterfaceOrientationLandscapeLeft UIInterfaceOrientationLandscapeRight";
				IPHONEOS_DEPLOYMENT_TARGET = 16.0;
				LD_RUNPATH_SEARCH_PATHS = (
					"$(inherited)",
					"@executable_path/Frameworks",
				);
				MARKETING_VERSION = 1.0;
				PRODUCT_BUNDLE_IDENTIFIER = com.joaquingomez.Recipes;
				PRODUCT_NAME = "$(TARGET_NAME)";
				SWIFT_EMIT_LOC_STRINGS = YES;
				SWIFT_VERSION = 5.0;
				TARGETED_DEVICE_FAMILY = "1,2";
			};
			name = Release;
		};
		D29EEDB62D4719A1008AD3ED /* Debug */ = {
			isa = XCBuildConfiguration;
			buildSettings = {
				ALWAYS_EMBED_SWIFT_STANDARD_LIBRARIES = YES;
				BUNDLE_LOADER = "$(TEST_HOST)";
				CODE_SIGN_STYLE = Automatic;
				CURRENT_PROJECT_VERSION = 1;
				GENERATE_INFOPLIST_FILE = YES;
				IPHONEOS_DEPLOYMENT_TARGET = 16.4;
				MARKETING_VERSION = 1.0;
				PRODUCT_BUNDLE_IDENTIFIER = com.joaquingomez.RecipesTests;
				PRODUCT_NAME = "$(TARGET_NAME)";
				SWIFT_EMIT_LOC_STRINGS = NO;
				SWIFT_VERSION = 5.0;
				TARGETED_DEVICE_FAMILY = "1,2";
				TEST_HOST = "$(BUILT_PRODUCTS_DIR)/Recipes.app/$(BUNDLE_EXECUTABLE_FOLDER_PATH)/Recipes";
			};
			name = Debug;
		};
		D29EEDB72D4719A1008AD3ED /* Release */ = {
			isa = XCBuildConfiguration;
			buildSettings = {
				ALWAYS_EMBED_SWIFT_STANDARD_LIBRARIES = YES;
				BUNDLE_LOADER = "$(TEST_HOST)";
				CODE_SIGN_STYLE = Automatic;
				CURRENT_PROJECT_VERSION = 1;
				GENERATE_INFOPLIST_FILE = YES;
				IPHONEOS_DEPLOYMENT_TARGET = 16.4;
				MARKETING_VERSION = 1.0;
				PRODUCT_BUNDLE_IDENTIFIER = com.joaquingomez.RecipesTests;
				PRODUCT_NAME = "$(TARGET_NAME)";
				SWIFT_EMIT_LOC_STRINGS = NO;
				SWIFT_VERSION = 5.0;
				TARGETED_DEVICE_FAMILY = "1,2";
				TEST_HOST = "$(BUILT_PRODUCTS_DIR)/Recipes.app/$(BUNDLE_EXECUTABLE_FOLDER_PATH)/Recipes";
			};
			name = Release;
		};
/* End XCBuildConfiguration section */

/* Begin XCConfigurationList section */
		D29EED842D47199E008AD3ED /* Build configuration list for PBXProject "Recipes" */ = {
			isa = XCConfigurationList;
			buildConfigurations = (
				D29EEDB02D4719A1008AD3ED /* Debug */,
				D29EEDB12D4719A1008AD3ED /* Release */,
			);
			defaultConfigurationIsVisible = 0;
			defaultConfigurationName = Release;
		};
		D29EEDB22D4719A1008AD3ED /* Build configuration list for PBXNativeTarget "Recipes" */ = {
			isa = XCConfigurationList;
			buildConfigurations = (
				D29EEDB32D4719A1008AD3ED /* Debug */,
				D29EEDB42D4719A1008AD3ED /* Release */,
			);
			defaultConfigurationIsVisible = 0;
			defaultConfigurationName = Release;
		};
		D29EEDB52D4719A1008AD3ED /* Build configuration list for PBXNativeTarget "RecipesTests" */ = {
			isa = XCConfigurationList;
			buildConfigurations = (
				D29EEDB62D4719A1008AD3ED /* Debug */,
				D29EEDB72D4719A1008AD3ED /* Release */,
			);
			defaultConfigurationIsVisible = 0;
			defaultConfigurationName = Release;
		};
/* End XCConfigurationList section */

/* Begin XCVersionGroup section */
		D29EED972D4719A0008AD3ED /* Recipes.xcdatamodeld */ = {
			isa = XCVersionGroup;
			children = (
				D29EED982D4719A0008AD3ED /* Recipes.xcdatamodel */,
			);
			currentVersion = D29EED982D4719A0008AD3ED /* Recipes.xcdatamodel */;
			path = Recipes.xcdatamodeld;
			sourceTree = "<group>";
			versionGroupType = wrapper.xcdatamodel;
		};
/* End XCVersionGroup section */
	};
	rootObject = D29EED812D47199E008AD3ED /* Project object */;
}
